{
  "name": "theinternet",
  "version": "1.0.0",
  "lockfileVersion": 3,
  "requires": true,
  "packages": {
    "": {
      "name": "theinternet",
      "version": "1.0.0",
      "license": "ISC",
      "dependencies": {
        "test-maker": "file:test-maker-9.0.0.tgz"
      }
    },
    "node_modules/test-maker": {
      "version": "9.0.0",
      "resolved": "file:test-maker-9.0.0.tgz",
      "integrity": "sha512-CjCjxuTZ9fiKyPDZmuRAKRTEftwPLAUAFBYBTDANwDKBQTi4jVeG0VPLTh3FvyTCve46jNRdi5xjH4jjTHKmoA==",
      "license": "https://www.testmaker.io/clufen",
      "bin": {
        "ketm": "dist/ketm.js"
      },
      "engines": {
        "node": ">=18.0.0"
      }
    }
  }
}
